
Microsoft Visual Studio Solution File, Format Version 12.00
# Visual Studio Version 17
VisualStudioVersion = 17.7.34031.279
MinimumVisualStudioVersion = 10.0.40219.1
Project("{9A19103F-16F7-4668-BE54-9A1E7A4F7556}") = "TestGrading", "TestGrading.csproj", "{85EE6316-8B5B-45DD-9BA5-ACDCD7FE5A1C}"
EndProject
Project("{FAE04EC0-301F-11D3-BF4B-00C04F79EFBC}") = "TestGrading.NUnit", "..\TestGrading.NUnit\TestGrading.NUnit.csproj", "{1B491A4E-0D5E-4532-A48D-1CDACF89E4EA}"
EndProject
Global
	GlobalSection(SolutionConfigurationPlatforms) = preSolution
		Debug|Any CPU = Debug|Any CPU
		Release|Any CPU = Release|Any CPU
	EndGlobalSection
	GlobalSection(ProjectConfigurationPlatforms) = postSolution
		{85EE6316-8B5B-45DD-9BA5-ACDCD7FE5A1C}.Debug|Any CPU.ActiveCfg = Debug|Any CPU
		{85EE6316-8B5B-45DD-9BA5-ACDCD7FE5A1C}.Debug|Any CPU.Build.0 = Debug|Any CPU
		{85EE6316-8B5B-45DD-9BA5-ACDCD7FE5A1C}.Release|Any CPU.ActiveCfg = Release|Any CPU
		{85EE6316-8B5B-45DD-9BA5-ACDCD7FE5A1C}.Release|Any CPU.Build.0 = Release|Any CPU
		{1B491A4E-0D5E-4532-A48D-1CDACF89E4EA}.Debug|Any CPU.ActiveCfg = Debug|Any CPU
		{1B491A4E-0D5E-4532-A48D-1CDACF89E4EA}.Debug|Any CPU.Build.0 = Debug|Any CPU
		{1B491A4E-0D5E-4532-A48D-1CDACF89E4EA}.Release|Any CPU.ActiveCfg = Release|Any CPU
		{1B491A4E-0D5E-4532-A48D-1CDACF89E4EA}.Release|Any CPU.Build.0 = Release|Any CPU
	EndGlobalSection
	GlobalSection(SolutionProperties) = preSolution
		HideSolutionNode = FALSE
	EndGlobalSection
	GlobalSection(ExtensibilityGlobals) = postSolution
		SolutionGuid = {F1077A8D-E6F3-4293-A9F3-E04A5EFC2E79}
	EndGlobalSection
EndGlobal
